Microsoft Visual Studio Solution File, Format Version 12.00
Project("{FAE04EC0-301F-11D3-BF4B-00C04F79EFBC}") = "RedisQ.Core", "RedisQ.Core\RedisQ.Core.csproj", "{C5456439-6407-4CF3-8027-41335B6D0E19}"
EndProject
Project("{FAE04EC0-301F-11D3-BF4B-00C04F79EFBC}") = "ConsoleTest", "ConsoleTest\ConsoleTest.csproj", "{EF46C700-4D02-47B0-98D8-03AD8DFF387A}"
EndProject
Project("{FAE04EC0-301F-11D3-BF4B-00C04F79EFBC}") = "RedisQ.SourceGenerators", "RedisQ.SourceGenerators\RedisQ.SourceGenerators.csproj", "{A1B2C3D4-5E6F-7890-1234-567890ABCDEF}"
EndProject
Project("{FAE04EC0-301F-11D3-BF4B-00C04F79EFBC}") = "TestSourceGenerator", "TestSourceGenerator\TestSourceGenerator.csproj", "{B2C3D4E5-6F78-9012-3456-789012BCDEFG}"
EndProject
Global
	GlobalSection(SolutionConfigurationPlatforms) = preSolution
		Debug|Any CPU = Debug|Any CPU
		Release|Any CPU = Release|Any CPU
	EndGlobalSection
	GlobalSection(ProjectConfigurationPlatforms) = postSolution
		{C5456439-6407-4CF3-8027-41335B6D0E19}.Debug|Any CPU.ActiveCfg = Debug|Any CPU
		{C5456439-6407-4CF3-8027-41335B6D0E19}.Debug|Any CPU.Build.0 = Debug|Any CPU
		{C5456439-6407-4CF3-8027-41335B6D0E19}.Release|Any CPU.ActiveCfg = Release|Any CPU
		{C5456439-6407-4CF3-8027-41335B6D0E19}.Release|Any CPU.Build.0 = Release|Any CPU
		{EF46C700-4D02-47B0-98D8-03AD8DFF387A}.Debug|Any CPU.ActiveCfg = Debug|Any CPU
		{EF46C700-4D02-47B0-98D8-03AD8DFF387A}.Debug|Any CPU.Build.0 = Debug|Any CPU
		{EF46C700-4D02-47B0-98D8-03AD8DFF387A}.Release|Any CPU.ActiveCfg = Release|Any CPU
		{EF46C700-4D02-47B0-98D8-03AD8DFF387A}.Release|Any CPU.Build.0 = Release|Any CPU
		{A1B2C3D4-5E6F-7890-1234-567890ABCDEF}.Debug|Any CPU.ActiveCfg = Debug|Any CPU
		{A1B2C3D4-5E6F-7890-1234-567890ABCDEF}.Debug|Any CPU.Build.0 = Debug|Any CPU
		{A1B2C3D4-5E6F-7890-1234-567890ABCDEF}.Release|Any CPU.ActiveCfg = Release|Any CPU
		{A1B2C3D4-5E6F-7890-1234-567890ABCDEF}.Release|Any CPU.Build.0 = Release|Any CPU
		{B2C3D4E5-6F78-9012-3456-789012BCDEFG}.Debug|Any CPU.ActiveCfg = Debug|Any CPU
		{B2C3D4E5-6F78-9012-3456-789012BCDEFG}.Debug|Any CPU.Build.0 = Debug|Any CPU
		{B2C3D4E5-6F78-9012-3456-789012BCDEFG}.Release|Any CPU.ActiveCfg = Release|Any CPU
		{B2C3D4E5-6F78-9012-3456-789012BCDEFG}.Release|Any CPU.Build.0 = Release|Any CPU
	EndGlobalSection
EndGlobal
